// !$*UTF8*$!
{
	archiveVersion = 1;
	classes = {
	};
	objectVersion = 50;
	objects = {

/* Begin PBXBuildFile section */
		8104728D21BA9FED00E8BC6B /* URL+Extensions.swift in Sources */ = {isa = PBXBuildFile; fileRef = 8104728C21BA9FED00E8BC6B /* URL+Extensions.swift */; };
		81225FDD21B9647500AA0C75 /* AppDelegate.swift in Sources */ = {isa = PBXBuildFile; fileRef = 81225FDC21B9647500AA0C75 /* AppDelegate.swift */; };
		81225FDF21B9647500AA0C75 /* JobSearchViewController.swift in Sources */ = {isa = PBXBuildFile; fileRef = 81225FDE21B9647500AA0C75 /* JobSearchViewController.swift */; };
		81225FE221B9647500AA0C75 /* Main.storyboard in Resources */ = {isa = PBXBuildFile; fileRef = 81225FE021B9647500AA0C75 /* Main.storyboard */; };
		81225FE421B9647700AA0C75 /* Assets.xcassets in Resources */ = {isa = PBXBuildFile; fileRef = 81225FE321B9647700AA0C75 /* Assets.xcassets */; };
		81225FE721B9647700AA0C75 /* LaunchScreen.storyboard in Resources */ = {isa = PBXBuildFile; fileRef = 81225FE521B9647700AA0C75 /* LaunchScreen.storyboard */; };
		81225FFB21B9680000AA0C75 /* ApplicationCoordinator.swift in Sources */ = {isa = PBXBuildFile; fileRef = 81225FFA21B9680000AA0C75 /* ApplicationCoordinator.swift */; };
		8122600021B96E7D00AA0C75 /* JobSearchFlowCoordinator.swift in Sources */ = {isa = PBXBuildFile; fileRef = 81225FFF21B96E7D00AA0C75 /* JobSearchFlowCoordinator.swift */; };
		8122600221B96ED800AA0C75 /* CoordinatorProtocol.swift in Sources */ = {isa = PBXBuildFile; fileRef = 8122600121B96ED800AA0C75 /* CoordinatorProtocol.swift */; };
		812260F921BAAD5D00CC357D /* FunctionalComposition.swift in Sources */ = {isa = PBXBuildFile; fileRef = 812260F821BAAD5D00CC357D /* FunctionalComposition.swift */; };
		812260FD21BD5DB800CC357D /* GithubJobsDataSource.swift in Sources */ = {isa = PBXBuildFile; fileRef = 812260FC21BD5DB800CC357D /* GithubJobsDataSource.swift */; };
		812260FF21BD5E0D00CC357D /* GitHubJobsSearchQuery.swift in Sources */ = {isa = PBXBuildFile; fileRef = 812260FE21BD5E0D00CC357D /* GitHubJobsSearchQuery.swift */; };
		8122610121BD85BA00CC357D /* Configurable.swift in Sources */ = {isa = PBXBuildFile; fileRef = 8122610021BD85BA00CC357D /* Configurable.swift */; };
		8122610321BD890A00CC357D /* Reusable.swift in Sources */ = {isa = PBXBuildFile; fileRef = 8122610221BD890A00CC357D /* Reusable.swift */; };
		8122610521BD899300CC357D /* NibLoadableView.swift in Sources */ = {isa = PBXBuildFile; fileRef = 8122610421BD899300CC357D /* NibLoadableView.swift */; };
		8122610721BD8A5000CC357D /* JobSearchTableFooterView.swift in Sources */ = {isa = PBXBuildFile; fileRef = 8122610621BD8A5000CC357D /* JobSearchTableFooterView.swift */; };
		8122610921BD8A7D00CC357D /* JobSearchTableFooterView.xib in Resources */ = {isa = PBXBuildFile; fileRef = 8122610821BD8A7D00CC357D /* JobSearchTableFooterView.xib */; };
		8122610B21BDA04400CC357D /* Date+Extensions.swift in Sources */ = {isa = PBXBuildFile; fileRef = 8122610A21BDA04400CC357D /* Date+Extensions.swift */; };
		8122610E21BDADF700CC357D /* JobSearchTableViewCellConfig.swift in Sources */ = {isa = PBXBuildFile; fileRef = 8122610D21BDADF700CC357D /* JobSearchTableViewCellConfig.swift */; };
		8122611021BDAE0600CC357D /* JobSearchTableViewCellConfigBuilder.swift in Sources */ = {isa = PBXBuildFile; fileRef = 8122610F21BDAE0600CC357D /* JobSearchTableViewCellConfigBuilder.swift */; };
		815B933921B975D5005497FB /* Injectable.swift in Sources */ = {isa = PBXBuildFile; fileRef = 815B933821B975D5005497FB /* Injectable.swift */; };
		815B933C21B9766B005497FB /* JobSearchPresenter.swift in Sources */ = {isa = PBXBuildFile; fileRef = 815B933B21B9766B005497FB /* JobSearchPresenter.swift */; };
		81C8E0D121B97F980054925A /* JobSearchTableViewCell.swift in Sources */ = {isa = PBXBuildFile; fileRef = 81C8E0D021B97F980054925A /* JobSearchTableViewCell.swift */; };
		81C8E0D521B9852B0054925A /* GitHubJobsService.swift in Sources */ = {isa = PBXBuildFile; fileRef = 81C8E0D421B9852B0054925A /* GitHubJobsService.swift */; };
		81C8E0D921B985880054925A /* NetworkClient.swift in Sources */ = {isa = PBXBuildFile; fileRef = 81C8E0D821B985880054925A /* NetworkClient.swift */; };
		81C8E0DF21B987890054925A /* Result.swift in Sources */ = {isa = PBXBuildFile; fileRef = 81C8E0DE21B987890054925A /* Result.swift */; };
		81C8E0E121B98D970054925A /* GitHubJobsAPIModel.swift in Sources */ = {isa = PBXBuildFile; fileRef = 81C8E0E021B98D970054925A /* GitHubJobsAPIModel.swift */; };
		81C8E0E321B98DC00054925A /* GitHubJobsError.swift in Sources */ = {isa = PBXBuildFile; fileRef = 81C8E0E221B98DC00054925A /* GitHubJobsError.swift */; };
/* End PBXBuildFile section */

/* Begin PBXFileReference section */
		8104728C21BA9FED00E8BC6B /* URL+Extensions.swift */ = {isa = PBXFileReference; lastKnownFileType = sourcecode.swift; path = "URL+Extensions.swift"; sourceTree = "<group>"; };
		81225FD921B9647500AA0C75 /* GithubJobsIOS-Client.app */ = {isa = PBXFileReference; explicitFileType = wrapper.application; includeInIndex = 0; path = "GithubJobsIOS-Client.app"; sourceTree = BUILT_PRODUCTS_DIR; };
		81225FDC21B9647500AA0C75 /* AppDelegate.swift */ = {isa = PBXFileReference; lastKnownFileType = sourcecode.swift; path = AppDelegate.swift; sourceTree = "<group>"; };
		81225FDE21B9647500AA0C75 /* JobSearchViewController.swift */ = {isa = PBXFileReference; lastKnownFileType = sourcecode.swift; path = JobSearchViewController.swift; sourceTree = "<group>"; };
		81225FE121B9647500AA0C75 /* Base */ = {isa = PBXFileReference; lastKnownFileType = file.storyboard; name = Base; path = Base.lproj/Main.storyboard; sourceTree = "<group>"; };
		81225FE321B9647700AA0C75 /* Assets.xcassets */ = {isa = PBXFileReference; lastKnownFileType = folder.assetcatalog; path = Assets.xcassets; sourceTree = "<group>"; };
		81225FE621B9647700AA0C75 /* Base */ = {isa = PBXFileReference; lastKnownFileType = file.storyboard; name = Base; path = Base.lproj/LaunchScreen.storyboard; sourceTree = "<group>"; };
		81225FE821B9647700AA0C75 /* Info.plist */ = {isa = PBXFileReference; lastKnownFileType = text.plist.xml; path = Info.plist; sourceTree = "<group>"; };
		81225FFA21B9680000AA0C75 /* ApplicationCoordinator.swift */ = {isa = PBXFileReference; lastKnownFileType = sourcecode.swift; path = ApplicationCoordinator.swift; sourceTree = "<group>"; };
		81225FFF21B96E7D00AA0C75 /* JobSearchFlowCoordinator.swift */ = {isa = PBXFileReference; lastKnownFileType = sourcecode.swift; path = JobSearchFlowCoordinator.swift; sourceTree = "<group>"; };
		8122600121B96ED800AA0C75 /* CoordinatorProtocol.swift */ = {isa = PBXFileReference; lastKnownFileType = sourcecode.swift; path = CoordinatorProtocol.swift; sourceTree = "<group>"; };
		812260F821BAAD5D00CC357D /* FunctionalComposition.swift */ = {isa = PBXFileReference; lastKnownFileType = sourcecode.swift; path = FunctionalComposition.swift; sourceTree = "<group>"; };
		812260FC21BD5DB800CC357D /* GithubJobsDataSource.swift */ = {isa = PBXFileReference; lastKnownFileType = sourcecode.swift; path = GithubJobsDataSource.swift; sourceTree = "<group>"; };
		812260FE21BD5E0D00CC357D /* GitHubJobsSearchQuery.swift */ = {isa = PBXFileReference; lastKnownFileType = sourcecode.swift; path = GitHubJobsSearchQuery.swift; sourceTree = "<group>"; };
		8122610021BD85BA00CC357D /* Configurable.swift */ = {isa = PBXFileReference; lastKnownFileType = sourcecode.swift; path = Configurable.swift; sourceTree = "<group>"; };
		8122610221BD890A00CC357D /* Reusable.swift */ = {isa = PBXFileReference; lastKnownFileType = sourcecode.swift; path = Reusable.swift; sourceTree = "<group>"; };
		8122610421BD899300CC357D /* NibLoadableView.swift */ = {isa = PBXFileReference; lastKnownFileType = sourcecode.swift; path = NibLoadableView.swift; sourceTree = "<group>"; };
		8122610621BD8A5000CC357D /* JobSearchTableFooterView.swift */ = {isa = PBXFileReference; lastKnownFileType = sourcecode.swift; path = JobSearchTableFooterView.swift; sourceTree = "<group>"; };
		8122610821BD8A7D00CC357D /* JobSearchTableFooterView.xib */ = {isa = PBXFileReference; lastKnownFileType = file.xib; path = JobSearchTableFooterView.xib; sourceTree = "<group>"; };
		8122610A21BDA04400CC357D /* Date+Extensions.swift */ = {isa = PBXFileReference; lastKnownFileType = sourcecode.swift; path = "Date+Extensions.swift"; sourceTree = "<group>"; };
		8122610D21BDADF700CC357D /* JobSearchTableViewCellConfig.swift */ = {isa = PBXFileReference; lastKnownFileType = sourcecode.swift; path = JobSearchTableViewCellConfig.swift; sourceTree = "<group>"; };
		8122610F21BDAE0600CC357D /* JobSearchTableViewCellConfigBuilder.swift */ = {isa = PBXFileReference; lastKnownFileType = sourcecode.swift; path = JobSearchTableViewCellConfigBuilder.swift; sourceTree = "<group>"; };
		815B933821B975D5005497FB /* Injectable.swift */ = {isa = PBXFileReference; lastKnownFileType = sourcecode.swift; path = Injectable.swift; sourceTree = "<group>"; };
		815B933B21B9766B005497FB /* JobSearchPresenter.swift */ = {isa = PBXFileReference; lastKnownFileType = sourcecode.swift; path = JobSearchPresenter.swift; sourceTree = "<group>"; };
		81C8E0D021B97F980054925A /* JobSearchTableViewCell.swift */ = {isa = PBXFileReference; lastKnownFileType = sourcecode.swift; path = JobSearchTableViewCell.swift; sourceTree = "<group>"; };
		81C8E0D421B9852B0054925A /* GitHubJobsService.swift */ = {isa = PBXFileReference; lastKnownFileType = sourcecode.swift; path = GitHubJobsService.swift; sourceTree = "<group>"; };
		81C8E0D821B985880054925A /* NetworkClient.swift */ = {isa = PBXFileReference; lastKnownFileType = sourcecode.swift; path = NetworkClient.swift; sourceTree = "<group>"; };
		81C8E0DE21B987890054925A /* Result.swift */ = {isa = PBXFileReference; lastKnownFileType = sourcecode.swift; path = Result.swift; sourceTree = "<group>"; };
		81C8E0E021B98D970054925A /* GitHubJobsAPIModel.swift */ = {isa = PBXFileReference; lastKnownFileType = sourcecode.swift; path = GitHubJobsAPIModel.swift; sourceTree = "<group>"; };
		81C8E0E221B98DC00054925A /* GitHubJobsError.swift */ = {isa = PBXFileReference; lastKnownFileType = sourcecode.swift; path = GitHubJobsError.swift; sourceTree = "<group>"; };
/* End PBXFileReference section */

/* Begin PBXFrameworksBuildPhase section */
		81225FD621B9647500AA0C75 /* Frameworks */ = {
			isa = PBXFrameworksBuildPhase;
			buildActionMask = 2147483647;
			files = (
			);
			runOnlyForDeploymentPostprocessing = 0;
		};
/* End PBXFrameworksBuildPhase section */

/* Begin PBXGroup section */
		81225FD021B9647500AA0C75 = {
			isa = PBXGroup;
			children = (
				81225FDB21B9647500AA0C75 /* GithubJobsIOS-Client */,
				81225FDA21B9647500AA0C75 /* Products */,
			);
			sourceTree = "<group>";
		};
		81225FDA21B9647500AA0C75 /* Products */ = {
			isa = PBXGroup;
			children = (
				81225FD921B9647500AA0C75 /* GithubJobsIOS-Client.app */,
			);
			name = Products;
			sourceTree = "<group>";
		};
		81225FDB21B9647500AA0C75 /* GithubJobsIOS-Client */ = {
			isa = PBXGroup;
			children = (
				81225FEE21B965E300AA0C75 /* Classes */,
				81225FF621B966F300AA0C75 /* Resources */,
				81225FF821B9671000AA0C75 /* Supporting Files */,
			);
			path = "GithubJobsIOS-Client";
			sourceTree = "<group>";
		};
		81225FEE21B965E300AA0C75 /* Classes */ = {
			isa = PBXGroup;
			children = (
				81225FF221B9660C00AA0C75 /* ApplicationLayer */,
				81225FF121B9660200AA0C75 /* PresentationLayer */,
				81225FF021B965F800AA0C75 /* CoreLayer */,
				81225FEF21B965EC00AA0C75 /* BusinessLogicLayer */,
			);
			path = Classes;
			sourceTree = "<group>";
		};
		81225FEF21B965EC00AA0C75 /* BusinessLogicLayer */ = {
			isa = PBXGroup;
			children = (
				812260FA21BD5D7E00CC357D /* DataSource */,
				81C8E0D221B984D70054925A /* Networking */,
			);
			path = BusinessLogicLayer;
			sourceTree = "<group>";
		};
		81225FF021B965F800AA0C75 /* CoreLayer */ = {
			isa = PBXGroup;
			children = (
				81C8E0DD21B9877C0054925A /* Utilities */,
			);
			path = CoreLayer;
			sourceTree = "<group>";
		};
		81225FF121B9660200AA0C75 /* PresentationLayer */ = {
			isa = PBXGroup;
			children = (
				81225FF421B9664C00AA0C75 /* JobSearchScreen */,
				81225FF321B9661900AA0C75 /* Storyboards */,
			);
			path = PresentationLayer;
			sourceTree = "<group>";
		};
		81225FF221B9660C00AA0C75 /* ApplicationLayer */ = {
			isa = PBXGroup;
			children = (
				8122600321B96F1D00AA0C75 /* Interfaces */,
				81225FF921B967E700AA0C75 /* Flow */,
				81225FDC21B9647500AA0C75 /* AppDelegate.swift */,
			);
			path = ApplicationLayer;
			sourceTree = "<group>";
		};
		81225FF321B9661900AA0C75 /* Storyboards */ = {
			isa = PBXGroup;
			children = (
				81225FE021B9647500AA0C75 /* Main.storyboard */,
				81225FE521B9647700AA0C75 /* LaunchScreen.storyboard */,
			);
			path = Storyboards;
			sourceTree = "<group>";
		};
		81225FF421B9664C00AA0C75 /* JobSearchScreen */ = {
			isa = PBXGroup;
			children = (
				8122610C21BDAD8E00CC357D /* Model */,
				815B933A21B9761F005497FB /* View */,
				815B933B21B9766B005497FB /* JobSearchPresenter.swift */,
			);
			path = JobSearchScreen;
			sourceTree = "<group>";
		};
		81225FF621B966F300AA0C75 /* Resources */ = {
			isa = PBXGroup;
			children = (
				81225FF721B966FC00AA0C75 /* Images */,
			);
			path = Resources;
			sourceTree = "<group>";
		};
		81225FF721B966FC00AA0C75 /* Images */ = {
			isa = PBXGroup;
			children = (
				81225FE321B9647700AA0C75 /* Assets.xcassets */,
			);
			path = Images;
			sourceTree = "<group>";
		};
		81225FF821B9671000AA0C75 /* Supporting Files */ = {
			isa = PBXGroup;
			children = (
				81225FE821B9647700AA0C75 /* Info.plist */,
			);
			path = "Supporting Files";
			sourceTree = "<group>";
		};
		81225FF921B967E700AA0C75 /* Flow */ = {
			isa = PBXGroup;
			children = (
				81225FFD21B96E1C00AA0C75 /* JobSearchFlow */,
				81225FFA21B9680000AA0C75 /* ApplicationCoordinator.swift */,
			);
			path = Flow;
			sourceTree = "<group>";
		};
		81225FFD21B96E1C00AA0C75 /* JobSearchFlow */ = {
			isa = PBXGroup;
			children = (
				81225FFF21B96E7D00AA0C75 /* JobSearchFlowCoordinator.swift */,
			);
			path = JobSearchFlow;
			sourceTree = "<group>";
		};
		8122600321B96F1D00AA0C75 /* Interfaces */ = {
			isa = PBXGroup;
			children = (
				8122600121B96ED800AA0C75 /* CoordinatorProtocol.swift */,
				815B933821B975D5005497FB /* Injectable.swift */,
				8122610021BD85BA00CC357D /* Configurable.swift */,
				8122610221BD890A00CC357D /* Reusable.swift */,
				8122610421BD899300CC357D /* NibLoadableView.swift */,
			);
			path = Interfaces;
			sourceTree = "<group>";
		};
		812260FA21BD5D7E00CC357D /* DataSource */ = {
			isa = PBXGroup;
			children = (
				812260FB21BD5DA000CC357D /* GitHub Jobs */,
			);
			path = DataSource;
			sourceTree = "<group>";
		};
		812260FB21BD5DA000CC357D /* GitHub Jobs */ = {
			isa = PBXGroup;
			children = (
				812260FC21BD5DB800CC357D /* GithubJobsDataSource.swift */,
				812260FE21BD5E0D00CC357D /* GitHubJobsSearchQuery.swift */,
			);
			path = "GitHub Jobs";
			sourceTree = "<group>";
		};
		8122610C21BDAD8E00CC357D /* Model */ = {
			isa = PBXGroup;
			children = (
				8122610D21BDADF700CC357D /* JobSearchTableViewCellConfig.swift */,
				8122610F21BDAE0600CC357D /* JobSearchTableViewCellConfigBuilder.swift */,
			);
			path = Model;
			sourceTree = "<group>";
		};
		815B933A21B9761F005497FB /* View */ = {
			isa = PBXGroup;
			children = (
				81225FDE21B9647500AA0C75 /* JobSearchViewController.swift */,
				81C8E0D021B97F980054925A /* JobSearchTableViewCell.swift */,
				8122610621BD8A5000CC357D /* JobSearchTableFooterView.swift */,
				8122610821BD8A7D00CC357D /* JobSearchTableFooterView.xib */,
			);
			path = View;
			sourceTree = "<group>";
		};
		81C8E0D221B984D70054925A /* Networking */ = {
			isa = PBXGroup;
			children = (
				81C8E0D721B9857A0054925A /* NetworkClient */,
				81C8E0D321B984FF0054925A /* GitHub Jobs */,
			);
			path = Networking;
			sourceTree = "<group>";
		};
		81C8E0D321B984FF0054925A /* GitHub Jobs */ = {
			isa = PBXGroup;
			children = (
				81C8E0D421B9852B0054925A /* GitHubJobsService.swift */,
				81C8E0E021B98D970054925A /* GitHubJobsAPIModel.swift */,
				81C8E0E221B98DC00054925A /* GitHubJobsError.swift */,
			);
			path = "GitHub Jobs";
			sourceTree = "<group>";
		};
		81C8E0D721B9857A0054925A /* NetworkClient */ = {
			isa = PBXGroup;
			children = (
				81C8E0D821B985880054925A /* NetworkClient.swift */,
			);
			path = NetworkClient;
			sourceTree = "<group>";
		};
		81C8E0DD21B9877C0054925A /* Utilities */ = {
			isa = PBXGroup;
			children = (
				81C8E0DE21B987890054925A /* Result.swift */,
				8104728C21BA9FED00E8BC6B /* URL+Extensions.swift */,
				812260F821BAAD5D00CC357D /* FunctionalComposition.swift */,
				8122610A21BDA04400CC357D /* Date+Extensions.swift */,
			);
			path = Utilities;
			sourceTree = "<group>";
		};
/* End PBXGroup section */

/* Begin PBXNativeTarget section */
		81225FD821B9647500AA0C75 /* GithubJobsIOS-Client */ = {
			isa = PBXNativeTarget;
			buildConfigurationList = 81225FEB21B9647700AA0C75 /* Build configuration list for PBXNativeTarget "GithubJobsIOS-Client" */;
			buildPhases = (
				81225FFC21B969C400AA0C75 /* SwiftLint Script */,
				81225FD521B9647500AA0C75 /* Sources */,
				81225FD621B9647500AA0C75 /* Frameworks */,
				81225FD721B9647500AA0C75 /* Resources */,
			);
			buildRules = (
			);
			dependencies = (
			);
			name = "GithubJobsIOS-Client";
			productName = "GithubJobsIOS-Client";
			productReference = 81225FD921B9647500AA0C75 /* GithubJobsIOS-Client.app */;
			productType = "com.apple.product-type.application";
		};
/* End PBXNativeTarget section */

/* Begin PBXProject section */
		81225FD121B9647500AA0C75 /* Project object */ = {
			isa = PBXProject;
			attributes = {
				LastSwiftUpdateCheck = 1010;
				LastUpgradeCheck = 1010;
				ORGANIZATIONNAME = CrystalTech;
				TargetAttributes = {
					81225FD821B9647500AA0C75 = {
						CreatedOnToolsVersion = 10.1;
					};
				};
			};
			buildConfigurationList = 81225FD421B9647500AA0C75 /* Build configuration list for PBXProject "GithubJobsIOS-Client" */;
			compatibilityVersion = "Xcode 9.3";
			developmentRegion = en;
			hasScannedForEncodings = 0;
			knownRegions = (
				en,
				Base,
			);
			mainGroup = 81225FD021B9647500AA0C75;
			productRefGroup = 81225FDA21B9647500AA0C75 /* Products */;
			projectDirPath = "";
			projectRoot = "";
			targets = (
				81225FD821B9647500AA0C75 /* GithubJobsIOS-Client */,
			);
		};
/* End PBXProject section */

/* Begin PBXResourcesBuildPhase section */
		81225FD721B9647500AA0C75 /* Resources */ = {
			isa = PBXResourcesBuildPhase;
			buildActionMask = 2147483647;
			files = (
				81225FE721B9647700AA0C75 /* LaunchScreen.storyboard in Resources */,
				81225FE421B9647700AA0C75 /* Assets.xcassets in Resources */,
				81225FE221B9647500AA0C75 /* Main.storyboard in Resources */,
				8122610921BD8A7D00CC357D /* JobSearchTableFooterView.xib in Resources */,
			);
			runOnlyForDeploymentPostprocessing = 0;
		};
/* End PBXResourcesBuildPhase section */

/* Begin PBXShellScriptBuildPhase section */
		81225FFC21B969C400AA0C75 /* SwiftLint Script */ = {
			isa = PBXShellScriptBuildPhase;
			buildActionMask = 2147483647;
			files = (
			);
			inputFileListPaths = (
			);
			inputPaths = (
			);
			name = "SwiftLint Script";
			outputFileListPaths = (
			);
			outputPaths = (
			);
			runOnlyForDeploymentPostprocessing = 0;
			shellPath = /bin/sh;
			shellScript = "if which swiftlint >/dev/null; then\n#swiftlint autocorrect --quiet --config \"${SRCROOT}/_swiftlint.yml\" --path \"${SRCROOT}/GithubJobsIOS-Client\"\nswiftlint lint --quiet --config \"${SRCROOT}/_swiftlint.yml\" --path \"${SRCROOT}/GithubJobsIOS-Client\"\nelse\nexit 0\nfi\n";
		};
/* End PBXShellScriptBuildPhase section */

/* Begin PBXSourcesBuildPhase section */
		81225FD521B9647500AA0C75 /* Sources */ = {
			isa = PBXSourcesBuildPhase;
			buildActionMask = 2147483647;
			files = (
				8104728D21BA9FED00E8BC6B /* URL+Extensions.swift in Sources */,
				8122610B21BDA04400CC357D /* Date+Extensions.swift in Sources */,
				81C8E0D521B9852B0054925A /* GitHubJobsService.swift in Sources */,
				8122610721BD8A5000CC357D /* JobSearchTableFooterView.swift in Sources */,
				81C8E0D921B985880054925A /* NetworkClient.swift in Sources */,
				8122610E21BDADF700CC357D /* JobSearchTableViewCellConfig.swift in Sources */,
				81225FDF21B9647500AA0C75 /* JobSearchViewController.swift in Sources */,
				81C8E0E321B98DC00054925A /* GitHubJobsError.swift in Sources */,
				812260FF21BD5E0D00CC357D /* GitHubJobsSearchQuery.swift in Sources */,
				8122610121BD85BA00CC357D /* Configurable.swift in Sources */,
				81225FDD21B9647500AA0C75 /* AppDelegate.swift in Sources */,
				812260FD21BD5DB800CC357D /* GithubJobsDataSource.swift in Sources */,
				815B933C21B9766B005497FB /* JobSearchPresenter.swift in Sources */,
				8122611021BDAE0600CC357D /* JobSearchTableViewCellConfigBuilder.swift in Sources */,
				81C8E0DF21B987890054925A /* Result.swift in Sources */,
				81C8E0D121B97F980054925A /* JobSearchTableViewCell.swift in Sources */,
				8122600221B96ED800AA0C75 /* CoordinatorProtocol.swift in Sources */,
				81C8E0E121B98D970054925A /* GitHubJobsAPIModel.swift in Sources */,
				8122600021B96E7D00AA0C75 /* JobSearchFlowCoordinator.swift in Sources */,
				815B933921B975D5005497FB /* Injectable.swift in Sources */,
				8122610521BD899300CC357D /* NibLoadableView.swift in Sources */,
				8122610321BD890A00CC357D /* Reusable.swift in Sources */,
				81225FFB21B9680000AA0C75 /* ApplicationCoordinator.swift in Sources */,
				812260F921BAAD5D00CC357D /* FunctionalComposition.swift in Sources */,
			);
			runOnlyForDeploymentPostprocessing = 0;
		};
/* End PBXSourcesBuildPhase section */

/* Begin PBXVariantGroup section */
		81225FE021B9647500AA0C75 /* Main.storyboard */ = {
			isa = PBXVariantGroup;
			children = (
				81225FE121B9647500AA0C75 /* Base */,
			);
			name = Main.storyboard;
			sourceTree = "<group>";
		};
		81225FE521B9647700AA0C75 /* LaunchScreen.storyboard */ = {
			isa = PBXVariantGroup;
			children = (
				81225FE621B9647700AA0C75 /* Base */,
			);
			name = LaunchScreen.storyboard;
			sourceTree = "<group>";
		};
/* End PBXVariantGroup section */

/* Begin XCBuildConfiguration section */
		81225FE921B9647700AA0C75 /* Debug */ = {
			isa = XCBuildConfiguration;
			buildSettings = {
				ALWAYS_SEARCH_USER_PATHS = NO;
				CLANG_ANALYZER_NONNULL = YES;
				CLANG_ANALYZER_NUMBER_OBJECT_CONVERSION = YES_AGGRESSIVE;
				CLANG_CXX_LANGUAGE_STANDARD = "gnu++14";
				CLANG_CXX_LIBRARY = "libc++";
				CLANG_ENABLE_MODULES = YES;
				CLANG_ENABLE_OBJC_ARC = YES;
				CLANG_ENABLE_OBJC_WEAK = YES;
				CLANG_WARN_BLOCK_CAPTURE_AUTORELEASING = YES;
				CLANG_WARN_BOOL_CONVERSION = YES;
				CLANG_WARN_COMMA = YES;
				CLANG_WARN_CONSTANT_CONVERSION = YES;
				CLANG_WARN_DEPRECATED_OBJC_IMPLEMENTATIONS = YES;
				CLANG_WARN_DIRECT_OBJC_ISA_USAGE = YES_ERROR;
				CLANG_WARN_DOCUMENTATION_COMMENTS = YES;
				CLANG_WARN_EMPTY_BODY = YES;
				CLANG_WARN_ENUM_CONVERSION = YES;
				CLANG_WARN_INFINITE_RECURSION = YES;
				CLANG_WARN_INT_CONVERSION = YES;
				CLANG_WARN_NON_LITERAL_NULL_CONVERSION = YES;
				CLANG_WARN_OBJC_IMPLICIT_RETAIN_SELF = YES;
				CLANG_WARN_OBJC_LITERAL_CONVERSION = YES;
				CLANG_WARN_OBJC_ROOT_CLASS = YES_ERROR;
				CLANG_WARN_RANGE_LOOP_ANALYSIS = YES;
				CLANG_WARN_STRICT_PROTOTYPES = YES;
				CLANG_WARN_SUSPICIOUS_MOVE = YES;
				CLANG_WARN_UNGUARDED_AVAILABILITY = YES_AGGRESSIVE;
				CLANG_WARN_UNREACHABLE_CODE = YES;
				CLANG_WARN__DUPLICATE_METHOD_MATCH = YES;
				CODE_SIGN_IDENTITY = "iPhone Developer";
				COPY_PHASE_STRIP = NO;
				DEBUG_INFORMATION_FORMAT = dwarf;
				ENABLE_STRICT_OBJC_MSGSEND = YES;
				ENABLE_TESTABILITY = YES;
				GCC_C_LANGUAGE_STANDARD = gnu11;
				GCC_DYNAMIC_NO_PIC = NO;
				GCC_NO_COMMON_BLOCKS = YES;
				GCC_OPTIMIZATION_LEVEL = 0;
				GCC_PREPROCESSOR_DEFINITIONS = (
					"DEBUG=1",
					"$(inherited)",
				);
				GCC_WARN_64_TO_32_BIT_CONVERSION = YES;
				GCC_WARN_ABOUT_RETURN_TYPE = YES_ERROR;
				GCC_WARN_UNDECLARED_SELECTOR = YES;
				GCC_WARN_UNINITIALIZED_AUTOS = YES_AGGRESSIVE;
				GCC_WARN_UNUSED_FUNCTION = YES;
				GCC_WARN_UNUSED_VARIABLE = YES;
				IPHONEOS_DEPLOYMENT_TARGET = 12.1;
				MTL_ENABLE_DEBUG_INFO = INCLUDE_SOURCE;
				MTL_FAST_MATH = YES;
				ONLY_ACTIVE_ARCH = YES;
				SDKROOT = iphoneos;
				SWIFT_ACTIVE_COMPILATION_CONDITIONS = DEBUG;
				SWIFT_OPTIMIZATION_LEVEL = "-Onone";
			};
			name = Debug;
		};
		81225FEA21B9647700AA0C75 /* Release */ = {
			isa = XCBuildConfiguration;
			buildSettings = {
				ALWAYS_SEARCH_USER_PATHS = NO;
				CLANG_ANALYZER_NONNULL = YES;
				CLANG_ANALYZER_NUMBER_OBJECT_CONVERSION = YES_AGGRESSIVE;
				CLANG_CXX_LANGUAGE_STANDARD = "gnu++14";
				CLANG_CXX_LIBRARY = "libc++";
				CLANG_ENABLE_MODULES = YES;
				CLANG_ENABLE_OBJC_ARC = YES;
				CLANG_ENABLE_OBJC_WEAK = YES;
				CLANG_WARN_BLOCK_CAPTURE_AUTORELEASING = YES;
				CLANG_WARN_BOOL_CONVERSION = YES;
				CLANG_WARN_COMMA = YES;
				CLANG_WARN_CONSTANT_CONVERSION = YES;
				CLANG_WARN_DEPRECATED_OBJC_IMPLEMENTATIONS = YES;
				CLANG_WARN_DIRECT_OBJC_ISA_USAGE = YES_ERROR;
				CLANG_WARN_DOCUMENTATION_COMMENTS = YES;
				CLANG_WARN_EMPTY_BODY = YES;
				CLANG_WARN_ENUM_CONVERSION = YES;
				CLANG_WARN_INFINITE_RECURSION = YES;
				CLANG_WARN_INT_CONVERSION = YES;
				CLANG_WARN_NON_LITERAL_NULL_CONVERSION = YES;
				CLANG_WARN_OBJC_IMPLICIT_RETAIN_SELF = YES;
				CLANG_WARN_OBJC_LITERAL_CONVERSION = YES;
				CLANG_WARN_OBJC_ROOT_CLASS = YES_ERROR;
				CLANG_WARN_RANGE_LOOP_ANALYSIS = YES;
				CLANG_WARN_STRICT_PROTOTYPES = YES;
				CLANG_WARN_SUSPICIOUS_MOVE = YES;
				CLANG_WARN_UNGUARDED_AVAILABILITY = YES_AGGRESSIVE;
				CLANG_WARN_UNREACHABLE_CODE = YES;
				CLANG_WARN__DUPLICATE_METHOD_MATCH = YES;
				CODE_SIGN_IDENTITY = "iPhone Developer";
				COPY_PHASE_STRIP = NO;
				DEBUG_INFORMATION_FORMAT = "dwarf-with-dsym";
				ENABLE_NS_ASSERTIONS = NO;
				ENABLE_STRICT_OBJC_MSGSEND = YES;
				GCC_C_LANGUAGE_STANDARD = gnu11;
				GCC_NO_COMMON_BLOCKS = YES;
				GCC_WARN_64_TO_32_BIT_CONVERSION = YES;
				GCC_WARN_ABOUT_RETURN_TYPE = YES_ERROR;
				GCC_WARN_UNDECLARED_SELECTOR = YES;
				GCC_WARN_UNINITIALIZED_AUTOS = YES_AGGRESSIVE;
				GCC_WARN_UNUSED_FUNCTION = YES;
				GCC_WARN_UNUSED_VARIABLE = YES;
				IPHONEOS_DEPLOYMENT_TARGET = 12.1;
				MTL_ENABLE_DEBUG_INFO = NO;
				MTL_FAST_MATH = YES;
				SDKROOT = iphoneos;
				SWIFT_COMPILATION_MODE = wholemodule;
				SWIFT_OPTIMIZATION_LEVEL = "-O";
				VALIDATE_PRODUCT = YES;
			};
			name = Release;
		};
		81225FEC21B9647700AA0C75 /* Debug */ = {
			isa = XCBuildConfiguration;
			buildSettings = {
				ASSETCATALOG_COMPILER_APPICON_NAME = AppIcon;
				CODE_SIGN_STYLE = Automatic;
				INFOPLIST_FILE = "GithubJobsIOS-Client/Supporting Files/Info.plist";
				LD_RUNPATH_SEARCH_PATHS = (
					"$(inherited)",
					"@executable_path/Frameworks",
				);
				PRODUCT_BUNDLE_IDENTIFIER = "com.CrystalTech.GithubJobsIOS-Client";
				PRODUCT_NAME = "$(TARGET_NAME)";
				SWIFT_VERSION = 4.2;
				TARGETED_DEVICE_FAMILY = "1,2";
			};
			name = Debug;
		};
		81225FED21B9647700AA0C75 /* Release */ = {
			isa = XCBuildConfiguration;
			buildSettings = {
				ASSETCATALOG_COMPILER_APPICON_NAME = AppIcon;
				CODE_SIGN_STYLE = Automatic;
				INFOPLIST_FILE = "GithubJobsIOS-Client/Supporting Files/Info.plist";
				LD_RUNPATH_SEARCH_PATHS = (
					"$(inherited)",
					"@executable_path/Frameworks",
				);
				PRODUCT_BUNDLE_IDENTIFIER = "com.CrystalTech.GithubJobsIOS-Client";
				PRODUCT_NAME = "$(TARGET_NAME)";
				SWIFT_VERSION = 4.2;
				TARGETED_DEVICE_FAMILY = "1,2";
			};
			name = Release;
		};
/* End XCBuildConfiguration section */

/* Begin XCConfigurationList section */
		81225FD421B9647500AA0C75 /* Build configuration list for PBXProject "GithubJobsIOS-Client" */ = {
			isa = XCConfigurationList;
			buildConfigurations = (
				81225FE921B9647700AA0C75 /* Debug */,
				81225FEA21B9647700AA0C75 /* Release */,
			);
			defaultConfigurationIsVisible = 0;
			defaultConfigurationName = Release;
		};
		81225FEB21B9647700AA0C75 /* Build configuration list for PBXNativeTarget "GithubJobsIOS-Client" */ = {
			isa = XCConfigurationList;
			buildConfigurations = (
				81225FEC21B9647700AA0C75 /* Debug */,
				81225FED21B9647700AA0C75 /* Release */,
			);
			defaultConfigurationIsVisible = 0;
			defaultConfigurationName = Release;
		};
/* End XCConfigurationList section */
	};
	rootObject = 81225FD121B9647500AA0C75 /* Project object */;
}
